{
  "name": "bsc-thesis",
  "version": "0.5.0",
  "lockfileVersion": 3,
  "requires": true,
  "packages": {
    "": {
      "name": "bsc-thesis",
      "version": "0.5.0",
      "license": "MIT",
      "dependencies": {
        "bail": "^2.0.2",
        "color": "^4.2.3",
        "color-convert": "^2.0.1",
        "color-name": "^1.1.4",
        "color-string": "^1.9.1",
        "extend": "^3.0.2",
        "is-arrayish": "^0.3.2",
        "is-buffer": "^2.0.5",
        "is-plain-obj": "^4.1.0",
        "simple-swizzle": "^0.2.2",
        "trie-prefix-tree": "^1.5.1",
        "trough": "^2.1.0",
        "unified": "^10.1.2",
        "unist-util-stringify-position": "^3.0.3",
        "vfile": "^5.3.7",
        "vfile-message": "^3.1.4"
      },
      "devDependencies": {
        "prettier": "^3.1.0",
        "prettier-plugin-latex": "^2.0.1"
      }
    },
    "node_modules/@types/unist": {
      "version": "2.0.10",
      "resolved": "https://registry.npmjs.org/@types/unist/-/unist-2.0.10.tgz",
      "integrity": "sha512-IfYcSBWE3hLpBg8+X2SEa8LVkJdJEkT2Ese2aaLs3ptGdVtABxndrMaxuFlQ1qdFf9Q5rDvDpxI3WwgvKFAsQA=="
    },
    "node_modules/@unified-latex/unified-latex-builder": {
      "version": "1.4.2",
      "resolved": "https://registry.npmjs.org/@unified-latex/unified-latex-builder/-/unified-latex-builder-1.4.2.tgz",
      "integrity": "sha512-XVJJiMPiUOus/ZHtdsK9RADVsihUswSjI7IT+UAufIrJdQiLq5WlPI5pq26/T9HuPlZll3Dm4pWo9dmh15a3KQ==",
      "dev": true,
      "dependencies": {
        "@unified-latex/unified-latex-types": "^1.4.2"
      }
    },
    "node_modules/@unified-latex/unified-latex-ctan": {
      "version": "1.4.2",
      "resolved": "https://registry.npmjs.org/@unified-latex/unified-latex-ctan/-/unified-latex-ctan-1.4.2.tgz",
      "integrity": "sha512-jJ4mVjt0mEhMx98uYKRfVh2VqMuF43mvFD0GSysTgZb31+GE4OvPSpjjTjVtrmVmWfXIeqtc6RyDpRGKCmenyQ==",
      "dev": true,
      "dependencies": {
        "@unified-latex/unified-latex-builder": "^1.4.2",
        "@unified-latex/unified-latex-types": "^1.4.2",
        "@unified-latex/unified-latex-util-argspec": "^1.4.2",
        "@unified-latex/unified-latex-util-arguments": "^1.4.2",
        "@unified-latex/unified-latex-util-comments": "^1.4.2",
        "@unified-latex/unified-latex-util-match": "^1.4.2",
        "@unified-latex/unified-latex-util-pegjs": "^1.4.2",
        "@unified-latex/unified-latex-util-print-raw": "^1.4.2",
        "@unified-latex/unified-latex-util-render-info": "^1.4.2",
        "@unified-latex/unified-latex-util-replace": "^1.4.2",
        "@unified-latex/unified-latex-util-scan": "^1.4.2",
        "@unified-latex/unified-latex-util-split": "^1.4.2",
        "@unified-latex/unified-latex-util-trim": "^1.4.2",
        "@unified-latex/unified-latex-util-visit": "^1.4.2",
        "color": "^4.2.3"
      }
    },
    "node_modules/@unified-latex/unified-latex-prettier": {
      "version": "2.4.2",
      "resolved": "https://registry.npmjs.org/@unified-latex/unified-latex-prettier/-/unified-latex-prettier-2.4.2.tgz",
      "integrity": "sha512-gMvlKGiGi9zOWVHXPhzeURhPYwPIJ7MBht42et/sVb4Z2wTjhcn+bU7kookT067ywOptVZNBgJw+iAgSORAd+w==",
      "dev": true,
      "dependencies": {
        "@unified-latex/unified-latex-ctan": "^1.4.1",
        "@unified-latex/unified-latex-types": "^1.3.1",
        "@unified-latex/unified-latex-util-align": "^1.4.0",
        "@unified-latex/unified-latex-util-match": "^1.4.0",
        "@unified-latex/unified-latex-util-parse": "^1.4.1",
        "@unified-latex/unified-latex-util-pgfkeys": "^1.4.0",
        "@unified-latex/unified-latex-util-print-raw": "^1.4.0",
        "@unified-latex/unified-latex-util-trim": "^1.4.0",
        "@unified-latex/unified-latex-util-visit": "^1.4.0",
        "prettier": "^3.0.3",
        "unified": "^10.1.2"
      }
    },
    "node_modules/@unified-latex/unified-latex-types": {
      "version": "1.4.2",
      "resolved": "https://registry.npmjs.org/@unified-latex/unified-latex-types/-/unified-latex-types-1.4.2.tgz",
      "integrity": "sha512-aSUMXpdf2UOuCld9P6Ll3IRw7LcE3K0vvlJa2KVpUS1mJA7UDBJ5OOChwFKiPzl/I4NKWJq0LOIsb+54a5Vo5w==",
      "dev": true
    },
    "node_modules/@unified-latex/unified-latex-util-align": {
      "version": "1.4.2",
      "resolved": "https://registry.npmjs.org/@unified-latex/unified-latex-util-align/-/unified-latex-util-align-1.4.2.tgz",
      "integrity": "sha512-JJGXaz0GLnYYaMNCafRydWbBl9ZEnKaUubUtUH//K2g9RSg/bHigP1Yo47u7g3fJSuNOFxMiNlZISmU+BnrmMA==",
      "dev": true,
      "dependencies": {
        "@unified-latex/unified-latex-types": "^1.4.2",
        "@unified-latex/unified-latex-util-match": "^1.4.2",
        "@unified-latex/unified-latex-util-pegjs": "^1.4.2"
      }
    },
    "node_modules/@unified-latex/unified-latex-util-argspec": {
      "version": "1.4.2",
      "resolved": "https://registry.npmjs.org/@unified-latex/unified-latex-util-argspec/-/unified-latex-util-argspec-1.4.2.tgz",
      "integrity": "sha512-u8lu0awTJ6o1a0xZOpIV3RXqlNuy3HyGb17BHEjRIzOLIyqgF5LsVH4OX4MwK5Kjh9GySUE+mDMNqO2b1czIfQ==",
      "dev": true,
      "dependencies": {
        "@unified-latex/unified-latex-util-pegjs": "^1.4.2"
      }
    },
    "node_modules/@unified-latex/unified-latex-util-arguments": {
      "version": "1.4.2",
      "resolved": "https://registry.npmjs.org/@unified-latex/unified-latex-util-arguments/-/unified-latex-util-arguments-1.4.2.tgz",
      "integrity": "sha512-u0yocEmQc8Nbjg0CvUhmfsOPPiXQjHwquPiEMvWqxEV31KGty7jDCq+vDs7rALvMCrgkOR0ugeNtfjAsKa11HA==",
      "dev": true,
      "dependencies": {
        "@unified-latex/unified-latex-builder": "^1.4.2",
        "@unified-latex/unified-latex-types": "^1.4.2",
        "@unified-latex/unified-latex-util-argspec": "^1.4.2",
        "@unified-latex/unified-latex-util-match": "^1.4.2",
        "@unified-latex/unified-latex-util-render-info": "^1.4.2",
        "@unified-latex/unified-latex-util-scan": "^1.4.2",
        "@unified-latex/unified-latex-util-visit": "^1.4.2",
        "unified": "^10.1.2"
      }
    },
    "node_modules/@unified-latex/unified-latex-util-catcode": {
      "version": "1.4.2",
      "resolved": "https://registry.npmjs.org/@unified-latex/unified-latex-util-catcode/-/unified-latex-util-catcode-1.4.2.tgz",
      "integrity": "sha512-05CooHT89eXBKjdUUO4KdOunRyfm1fb+ZyRgjD1kaJ3qxAF64KiyFapCgLPFDL98OyDjRYdELoU2GPzEHiP2xA==",
      "dev": true,
      "dependencies": {
        "@unified-latex/unified-latex-types": "^1.4.2",
        "@unified-latex/unified-latex-util-match": "^1.4.2",
        "@unified-latex/unified-latex-util-visit": "^1.4.2"
      }
    },
    "node_modules/@unified-latex/unified-latex-util-comments": {
      "version": "1.4.2",
      "resolved": "https://registry.npmjs.org/@unified-latex/unified-latex-util-comments/-/unified-latex-util-comments-1.4.2.tgz",
      "integrity": "sha512-90bbeaSZmgK9ueRno7fH25FNFmnkesLkIJtWjbBasdhMQWjI9jQtM3sgjDjMBHjFaNJSAiwm5cphGt4HhLy1BA==",
      "dev": true,
      "dependencies": {
        "@unified-latex/unified-latex-types": "^1.4.2",
        "@unified-latex/unified-latex-util-match": "^1.4.2",
        "@unified-latex/unified-latex-util-replace": "^1.4.2"
      }
    },
    "node_modules/@unified-latex/unified-latex-util-environments": {
      "version": "1.4.2",
      "resolved": "https://registry.npmjs.org/@unified-latex/unified-latex-util-environments/-/unified-latex-util-environments-1.4.2.tgz",
      "integrity": "sha512-Mcv+C3Lr0+jx0DKGJOnIPXkhVHPmX+mr1+IO97ZWCC6ibmT8BdkQ0CCN1lUg0pEtEC+JU7KzcoEBkMyS7ftEvQ==",
      "dev": true,
      "dependencies": {
        "@unified-latex/unified-latex-types": "^1.4.2",
        "@unified-latex/unified-latex-util-arguments": "^1.4.2",
        "@unified-latex/unified-latex-util-match": "^1.4.2",
        "@unified-latex/unified-latex-util-print-raw": "^1.4.2",
        "@unified-latex/unified-latex-util-render-info": "^1.4.2",
        "@unified-latex/unified-latex-util-visit": "^1.4.2",
        "unified": "^10.1.2"
      }
    },
    "node_modules/@unified-latex/unified-latex-util-match": {
      "version": "1.4.2",
      "resolved": "https://registry.npmjs.org/@unified-latex/unified-latex-util-match/-/unified-latex-util-match-1.4.2.tgz",
      "integrity": "sha512-LEa1zE/hrZrUyGuA94AjTWN9/dIqGCdu/ETCT0eCD8jZmRTQPRnn/uKUEIXWTn5yvF6USYzM9Dx5w4pHaTUWaQ==",
      "dev": true,
      "dependencies": {
        "@unified-latex/unified-latex-types": "^1.4.2",
        "@unified-latex/unified-latex-util-print-raw": "^1.4.2"
      }
    },
    "node_modules/@unified-latex/unified-latex-util-parse": {
      "version": "1.4.2",
      "resolved": "https://registry.npmjs.org/@unified-latex/unified-latex-util-parse/-/unified-latex-util-parse-1.4.2.tgz",
      "integrity": "sha512-tTCIFnxfqS4xmPS/EENaEwjtf4ECiOSXStOm9MCt9EANgpxLR9qteLgagC5u7sFzvN6NHYYZDhe4XhcyRTvuRg==",
      "dev": true,
      "dependencies": {
        "@unified-latex/unified-latex-ctan": "^1.4.2",
        "@unified-latex/unified-latex-types": "^1.4.2",
        "@unified-latex/unified-latex-util-arguments": "^1.4.2",
        "@unified-latex/unified-latex-util-catcode": "^1.4.2",
        "@unified-latex/unified-latex-util-environments": "^1.4.2",
        "@unified-latex/unified-latex-util-match": "^1.4.2",
        "@unified-latex/unified-latex-util-pegjs": "^1.4.2",
        "@unified-latex/unified-latex-util-print-raw": "^1.4.2",
        "@unified-latex/unified-latex-util-trim": "^1.4.2",
        "@unified-latex/unified-latex-util-visit": "^1.4.2",
        "unified": "^10.1.2"
      }
    },
    "node_modules/@unified-latex/unified-latex-util-pegjs": {
      "version": "1.4.2",
      "resolved": "https://registry.npmjs.org/@unified-latex/unified-latex-util-pegjs/-/unified-latex-util-pegjs-1.4.2.tgz",
      "integrity": "sha512-y0WSOpXRXx64dJ9mMLTe44ZzgRy+axNaZ6R0QgX6hc3IDnQph+gUZJG3sXgZCqZZBVV0/RGJOq9f804PZ9hKAg==",
      "dev": true,
      "dependencies": {
        "@unified-latex/unified-latex-types": "^1.4.2",
        "@unified-latex/unified-latex-util-match": "^1.4.2"
      }
    },
    "node_modules/@unified-latex/unified-latex-util-pgfkeys": {
      "version": "1.4.2",
      "resolved": "https://registry.npmjs.org/@unified-latex/unified-latex-util-pgfkeys/-/unified-latex-util-pgfkeys-1.4.2.tgz",
      "integrity": "sha512-+iu/HRxqfWMUlr/F4oN2YbA+nwERbhDJXCknsDWBtNUw2dxX35Vu0Ldq9wuTKdJA+q0Lw2xakfZ58lVPgtXVIw==",
      "dev": true,
      "dependencies": {
        "@unified-latex/unified-latex-types": "^1.4.2",
        "@unified-latex/unified-latex-util-match": "^1.4.2",
        "@unified-latex/unified-latex-util-pegjs": "^1.4.2",
        "@unified-latex/unified-latex-util-print-raw": "^1.4.2"
      }
    },
    "node_modules/@unified-latex/unified-latex-util-print-raw": {
      "version": "1.4.2",
      "resolved": "https://registry.npmjs.org/@unified-latex/unified-latex-util-print-raw/-/unified-latex-util-print-raw-1.4.2.tgz",
      "integrity": "sha512-vOY48R72bEQDIIvW21gjFs+y/F+61UIq0UXUBnf4eyR7SWlQwuWt+rO1FTuT0faZJKXRZymB8c1oOLGQl+gWRQ==",
      "dev": true,
      "dependencies": {
        "@unified-latex/unified-latex-types": "^1.4.2"
      }
    },
    "node_modules/@unified-latex/unified-latex-util-render-info": {
      "version": "1.4.2",
      "resolved": "https://registry.npmjs.org/@unified-latex/unified-latex-util-render-info/-/unified-latex-util-render-info-1.4.2.tgz",
      "integrity": "sha512-b5vZqpgo3yyH3zDww3PRUDp8DiDEampBRZ3xX7nXbG/B26s4fydToDbMHP5Q9r5YD/hsjGEgHZzGeb96kV997w==",
      "dev": true,
      "dependencies": {
        "@unified-latex/unified-latex-types": "^1.4.2",
        "@unified-latex/unified-latex-util-visit": "^1.4.2"
      }
    },
    "node_modules/@unified-latex/unified-latex-util-replace": {
      "version": "1.4.2",
      "resolved": "https://registry.npmjs.org/@unified-latex/unified-latex-util-replace/-/unified-latex-util-replace-1.4.2.tgz",
      "integrity": "sha512-kUdd/M9guhSCQk485BIO7ysIeEENkq3wixVNPEViC1hxR5GjSXnPIqEX0IWTE3uwcPZzskuTiccYG+z46ELULg==",
      "dev": true,
      "dependencies": {
        "@unified-latex/unified-latex-types": "^1.4.2",
        "@unified-latex/unified-latex-util-match": "^1.4.2",
        "@unified-latex/unified-latex-util-split": "^1.4.2",
        "@unified-latex/unified-latex-util-trim": "^1.4.2",
        "@unified-latex/unified-latex-util-visit": "^1.4.2",
        "unified": "^10.1.2"
      }
    },
    "node_modules/@unified-latex/unified-latex-util-scan": {
      "version": "1.4.2",
      "resolved": "https://registry.npmjs.org/@unified-latex/unified-latex-util-scan/-/unified-latex-util-scan-1.4.2.tgz",
      "integrity": "sha512-veoarQeQVW1A/oSRCH7RI7qz410MecmT1NjzptNz982ODxWT9SS42QSraxm80R4bVooMxjv8r2P5ShlH5u7uWQ==",
      "dev": true,
      "dependencies": {
        "@unified-latex/unified-latex-types": "^1.4.2",
        "@unified-latex/unified-latex-util-match": "^1.4.2",
        "@unified-latex/unified-latex-util-print-raw": "^1.4.2",
        "trie-prefix-tree": "^1.5.1"
      }
    },
    "node_modules/@unified-latex/unified-latex-util-split": {
      "version": "1.4.2",
      "resolved": "https://registry.npmjs.org/@unified-latex/unified-latex-util-split/-/unified-latex-util-split-1.4.2.tgz",
      "integrity": "sha512-IQpUheQpd+jE3fjbzsubhySL80hSRlxix/23/b5h4hwEeBOWU2epAnKG9pcWjvd7xefIH4cvtPvcuqnzry8kcQ==",
      "dev": true,
      "dependencies": {
        "@unified-latex/unified-latex-types": "^1.4.2",
        "@unified-latex/unified-latex-util-match": "^1.4.2"
      }
    },
    "node_modules/@unified-latex/unified-latex-util-trim": {
      "version": "1.4.2",
      "resolved": "https://registry.npmjs.org/@unified-latex/unified-latex-util-trim/-/unified-latex-util-trim-1.4.2.tgz",
      "integrity": "sha512-uAxX03qGnCD+e3jtX3wcjDPvD0amGQeIwCsvBQ1ONhODInq+aBMxf6t1UGC2LpPCmJqAaLevP0pSR39Fzw8zLA==",
      "dev": true,
      "dependencies": {
        "@unified-latex/unified-latex-types": "^1.4.2",
        "@unified-latex/unified-latex-util-match": "^1.4.2",
        "@unified-latex/unified-latex-util-render-info": "^1.4.2",
        "@unified-latex/unified-latex-util-visit": "^1.4.2",
        "unified": "^10.1.2"
      }
    },
    "node_modules/@unified-latex/unified-latex-util-visit": {
      "version": "1.4.2",
      "resolved": "https://registry.npmjs.org/@unified-latex/unified-latex-util-visit/-/unified-latex-util-visit-1.4.2.tgz",
      "integrity": "sha512-rGqiqiQsyywAZC6rBGteJYE0nSDw/AGddwZWB/KgWvN6VYXZEY8UeBQjcqf01CmaRC8hDXjYk6Pw+By5XfQ4fQ==",
      "dev": true,
      "dependencies": {
        "@unified-latex/unified-latex-types": "^1.4.2",
        "@unified-latex/unified-latex-util-match": "^1.4.2"
      }
    },
    "node_modules/bail": {
      "version": "2.0.2",
      "resolved": "https://registry.npmjs.org/bail/-/bail-2.0.2.tgz",
      "integrity": "sha512-0xO6mYd7JB2YesxDKplafRpsiOzPt9V02ddPCLbY1xYGPOX24NTyN50qnUxgCPcSoYMhKpAuBTjQoRZCAkUDRw==",
      "funding": {
        "type": "github",
        "url": "https://github.com/sponsors/wooorm"
      }
    },
    "node_modules/color": {
      "version": "4.2.3",
      "resolved": "https://registry.npmjs.org/color/-/color-4.2.3.tgz",
      "integrity": "sha512-1rXeuUUiGGrykh+CeBdu5Ie7OJwinCgQY0bc7GCRxy5xVHy+moaqkpL/jqQq0MtQOeYcrqEz4abc5f0KtU7W4A==",
      "dependencies": {
        "color-convert": "^2.0.1",
        "color-string": "^1.9.0"
      },
      "engines": {
        "node": ">=12.5.0"
      }
    },
    "node_modules/color-convert": {
      "version": "2.0.1",
      "resolved": "https://registry.npmjs.org/color-convert/-/color-convert-2.0.1.tgz",
      "integrity": "sha512-RRECPsj7iu/xb5oKYcsFHSppFNnsj/52OVTRKb4zP5onXwVF3zVmmToNcOfGC+CRDpfK/U584fMg38ZHCaElKQ==",
      "dependencies": {
        "color-name": "~1.1.4"
      },
      "engines": {
        "node": ">=7.0.0"
      }
    },
    "node_modules/color-name": {
      "version": "1.1.4",
      "resolved": "https://registry.npmjs.org/color-name/-/color-name-1.1.4.tgz",
      "integrity": "sha512-dOy+3AuW3a2wNbZHIuMZpTcgjGuLU/uBL/ubcZF9OXbDo8ff4O8yVp5Bf0efS8uEoYo5q4Fx7dY9OgQGXgAsQA=="
    },
    "node_modules/color-string": {
      "version": "1.9.1",
      "resolved": "https://registry.npmjs.org/color-string/-/color-string-1.9.1.tgz",
      "integrity": "sha512-shrVawQFojnZv6xM40anx4CkoDP+fZsw/ZerEMsW/pyzsRbElpsL/DBVW7q3ExxwusdNXI3lXpuhEZkzs8p5Eg==",
      "dependencies": {
        "color-name": "^1.0.0",
        "simple-swizzle": "^0.2.2"
      }
    },
    "node_modules/extend": {
      "version": "3.0.2",
      "resolved": "https://registry.npmjs.org/extend/-/extend-3.0.2.tgz",
      "integrity": "sha512-fjquC59cD7CyW6urNXK0FBufkZcoiGG80wTuPujX590cB5Ttln20E2UB4S/WARVqhXffZl2LNgS+gQdPIIim/g=="
    },
    "node_modules/is-arrayish": {
      "version": "0.3.2",
      "resolved": "https://registry.npmjs.org/is-arrayish/-/is-arrayish-0.3.2.tgz",
      "integrity": "sha512-eVRqCvVlZbuw3GrM63ovNSNAeA1K16kaR/LRY/92w0zxQ5/1YzwblUX652i4Xs9RwAGjW9d9y6X88t8OaAJfWQ=="
    },
    "node_modules/is-buffer": {
      "version": "2.0.5",
      "resolved": "https://registry.npmjs.org/is-buffer/-/is-buffer-2.0.5.tgz",
      "integrity": "sha512-i2R6zNFDwgEHJyQUtJEk0XFi1i0dPFn/oqjK3/vPCcDeJvW5NQ83V8QbicfF1SupOaB0h8ntgBC2YiE7dfyctQ==",
      "funding": [
        {
          "type": "github",
          "url": "https://github.com/sponsors/feross"
        },
        {
          "type": "patreon",
          "url": "https://www.patreon.com/feross"
        },
        {
          "type": "consulting",
          "url": "https://feross.org/support"
        }
      ],
      "engines": {
        "node": ">=4"
      }
    },
    "node_modules/is-plain-obj": {
      "version": "4.1.0",
      "resolved": "https://registry.npmjs.org/is-plain-obj/-/is-plain-obj-4.1.0.tgz",
      "integrity": "sha512-+Pgi+vMuUNkJyExiMBt5IlFoMyKnr5zhJ4Uspz58WOhBF5QoIZkFyNHIbBAtHwzVAgk5RtndVNsDRN61/mmDqg==",
      "engines": {
        "node": ">=12"
      },
      "funding": {
        "url": "https://github.com/sponsors/sindresorhus"
      }
    },
    "node_modules/prettier": {
      "version": "3.1.0",
      "resolved": "https://registry.npmjs.org/prettier/-/prettier-3.1.0.tgz",
      "integrity": "sha512-TQLvXjq5IAibjh8EpBIkNKxO749UEWABoiIZehEPiY4GNpVdhaFKqSTu+QrlU6D2dPAfubRmtJTi4K4YkQ5eXw==",
      "dev": true,
      "bin": {
        "prettier": "bin/prettier.cjs"
      },
      "engines": {
        "node": ">=14"
      },
      "funding": {
        "url": "https://github.com/prettier/prettier?sponsor=1"
      }
    },
    "node_modules/prettier-plugin-latex": {
      "version": "2.0.1",
      "resolved": "https://registry.npmjs.org/prettier-plugin-latex/-/prettier-plugin-latex-2.0.1.tgz",
      "integrity": "sha512-xIKGN0uWU+JwGHI92ixohngGLpy2nGQhYnmTtVue/jbw+K0fFPddQ3pMXx3fjtmmUhlbZisYXehJtcJ9Ford0g==",
      "dev": true,
      "dependencies": {
        "@unified-latex/unified-latex-prettier": "^2.4.2",
        "prettier": "^3.0.3"
      },
      "engines": {
        "node": ">= 18.0"
      }
    },
    "node_modules/simple-swizzle": {
      "version": "0.2.2",
      "resolved": "https://registry.npmjs.org/simple-swizzle/-/simple-swizzle-0.2.2.tgz",
      "integrity": "sha512-JA//kQgZtbuY83m+xT+tXJkmJncGMTFT+C+g2h2R9uxkYIrE2yy9sgmcLhCnw57/WSD+Eh3J97FPEDFnbXnDUg==",
      "dependencies": {
        "is-arrayish": "^0.3.1"
      }
    },
    "node_modules/trie-prefix-tree": {
      "version": "1.5.1",
      "resolved": "https://registry.npmjs.org/trie-prefix-tree/-/trie-prefix-tree-1.5.1.tgz",
      "integrity": "sha512-Jjvj/dA97wXnabG/NLJUgo4IQMj6vucH+Qxm7of/omfWSmZlPqdRU6Ta4GmQqCZH+n3/iYZUwfvUoEhB0Hs83Q=="
    },
    "node_modules/trough": {
      "version": "2.1.0",
      "resolved": "https://registry.npmjs.org/trough/-/trough-2.1.0.tgz",
      "integrity": "sha512-AqTiAOLcj85xS7vQ8QkAV41hPDIJ71XJB4RCUrzo/1GM2CQwhkJGaf9Hgr7BOugMRpgGUrqRg/DrBDl4H40+8g==",
      "funding": {
        "type": "github",
        "url": "https://github.com/sponsors/wooorm"
      }
    },
    "node_modules/unified": {
      "version": "10.1.2",
      "resolved": "https://registry.npmjs.org/unified/-/unified-10.1.2.tgz",
      "integrity": "sha512-pUSWAi/RAnVy1Pif2kAoeWNBa3JVrx0MId2LASj8G+7AiHWoKZNTomq6LG326T68U7/e263X6fTdcXIy7XnF7Q==",
      "dependencies": {
        "@types/unist": "^2.0.0",
        "bail": "^2.0.0",
        "extend": "^3.0.0",
        "is-buffer": "^2.0.0",
        "is-plain-obj": "^4.0.0",
        "trough": "^2.0.0",
        "vfile": "^5.0.0"
      },
      "funding": {
        "type": "opencollective",
        "url": "https://opencollective.com/unified"
      }
    },
    "node_modules/unist-util-stringify-position": {
      "version": "3.0.3",
      "resolved": "https://registry.npmjs.org/unist-util-stringify-position/-/unist-util-stringify-position-3.0.3.tgz",
      "integrity": "sha512-k5GzIBZ/QatR8N5X2y+drfpWG8IDBzdnVj6OInRNWm1oXrzydiaAT2OQiA8DPRRZyAKb9b6I2a6PxYklZD0gKg==",
      "dependencies": {
        "@types/unist": "^2.0.0"
      },
      "funding": {
        "type": "opencollective",
        "url": "https://opencollective.com/unified"
      }
    },
    "node_modules/vfile": {
      "version": "5.3.7",
      "resolved": "https://registry.npmjs.org/vfile/-/vfile-5.3.7.tgz",
      "integrity": "sha512-r7qlzkgErKjobAmyNIkkSpizsFPYiUPuJb5pNW1RB4JcYVZhs4lIbVqk8XPk033CV/1z8ss5pkax8SuhGpcG8g==",
      "dependencies": {
        "@types/unist": "^2.0.0",
        "is-buffer": "^2.0.0",
        "unist-util-stringify-position": "^3.0.0",
        "vfile-message": "^3.0.0"
      },
      "funding": {
        "type": "opencollective",
        "url": "https://opencollective.com/unified"
      }
    },
    "node_modules/vfile-message": {
      "version": "3.1.4",
      "resolved": "https://registry.npmjs.org/vfile-message/-/vfile-message-3.1.4.tgz",
      "integrity": "sha512-fa0Z6P8HUrQN4BZaX05SIVXic+7kE3b05PWAtPuYP9QLHsLKYR7/AlLW3NtOrpXRLeawpDLMsVkmk5DG0NXgWw==",
      "dependencies": {
        "@types/unist": "^2.0.0",
        "unist-util-stringify-position": "^3.0.0"
      },
      "funding": {
        "type": "opencollective",
        "url": "https://opencollective.com/unified"
      }
    }
  }
}
